github.com/ghostosproject/ghost-network-common v0.0.2 h1:8lxlKA+zjbtKjSJ08UDp+KvZJe/shDmfYTQpJbziMMM=
github.com/ghostosproject/ghost-network-common v0.0.2/go.mod h1:upd6kdRRyyUHgWZP8EgUWQgwMoKZcBEBXutbSJ+IDLc=
github.com/ghostosproject/ghost-network-common v0.0.3 h1:WepLXke3Cz5V1q0AnuYxWJRU7jPHMD0RTuUp0BuU/k0=
github.com/ghostosproject/ghost-network-common v0.0.3/go.mod h1:upd6kdRRyyUHgWZP8EgUWQgwMoKZcBEBXutbSJ+IDLc=
